
Microsoft Visual Studio Solution File, Format Version 12.00
# Visual Studio 15
VisualStudioVersion = 15.0.27130.2020
MinimumVisualStudioVersion = 10.0.40219.1
Project("{FAE04EC0-301F-11D3-BF4B-00C04F79EFBC}") = "KMZ", "KMZ\KMZ.csproj", "{AAB0CE73-843C-441E-B952-6E41181E327D}"
EndProject
Global
	GlobalSection(SolutionConfigurationPlatforms) = preSolution
		Debug|Any CPU = Debug|Any CPU
		Release|Any CPU = Release|Any CPU
	EndGlobalSection
	GlobalSection(ProjectConfigurationPlatforms) = postSolution
		{AAB0CE73-843C-441E-B952-6E41181E327D}.Debug|Any CPU.ActiveCfg = Debug|Any CPU
		{AAB0CE73-843C-441E-B952-6E41181E327D}.Debug|Any CPU.Build.0 = Debug|Any CPU
		{AAB0CE73-843C-441E-B952-6E41181E327D}.Release|Any CPU.ActiveCfg = Release|Any CPU
		{AAB0CE73-843C-441E-B952-6E41181E327D}.Release|Any CPU.Build.0 = Release|Any CPU
	EndGlobalSection
	GlobalSection(SolutionProperties) = preSolution
		HideSolutionNode = FALSE
	EndGlobalSection
	GlobalSection(ExtensibilityGlobals) = postSolution
		SolutionGuid = {7DADBAB5-1FFB-4BAD-AB47-EA9B8CD86B4C}
	EndGlobalSection
EndGlobal
